
Microsoft Visual Studio Solution File, Format Version 12.00
# Visual Studio Version 17
VisualStudioVersion = 17.9.34728.123
MinimumVisualStudioVersion = 10.0.40219.1
Project("{FAE04EC0-301F-11D3-BF4B-00C04F79EFBC}") = "JewelryAuctionApplicationDAL", "JewelryAuctionApplicationDAL\JewelryAuctionApplicationDAL.csproj", "{190D05CF-E5A4-4AD7-BB42-04D5A773BD01}"
EndProject
Project("{FAE04EC0-301F-11D3-BF4B-00C04F79EFBC}") = "JewelryAuctionApplicationBLL", "JewelryAuctionApplicationBLL\JewelryAuctionApplicationBLL.csproj", "{8CF64C73-9206-4D64-A8BD-DC5574288659}"
EndProject
Project("{FAE04EC0-301F-11D3-BF4B-00C04F79EFBC}") = "JewelryAuctionApplicationGUI", "JewelryAuctionApplicationGUI\JewelryAuctionApplicationGUI.csproj", "{B9A406DB-2EDB-47E7-AD57-CDA2BC306085}"
EndProject
Global
	GlobalSection(SolutionConfigurationPlatforms) = preSolution
		Debug|Any CPU = Debug|Any CPU
		Release|Any CPU = Release|Any CPU
	EndGlobalSection
	GlobalSection(ProjectConfigurationPlatforms) = postSolution
		{190D05CF-E5A4-4AD7-BB42-04D5A773BD01}.Debug|Any CPU.ActiveCfg = Debug|Any CPU
		{190D05CF-E5A4-4AD7-BB42-04D5A773BD01}.Debug|Any CPU.Build.0 = Debug|Any CPU
		{190D05CF-E5A4-4AD7-BB42-04D5A773BD01}.Release|Any CPU.ActiveCfg = Release|Any CPU
		{190D05CF-E5A4-4AD7-BB42-04D5A773BD01}.Release|Any CPU.Build.0 = Release|Any CPU
		{8CF64C73-9206-4D64-A8BD-DC5574288659}.Debug|Any CPU.ActiveCfg = Debug|Any CPU
		{8CF64C73-9206-4D64-A8BD-DC5574288659}.Debug|Any CPU.Build.0 = Debug|Any CPU
		{8CF64C73-9206-4D64-A8BD-DC5574288659}.Release|Any CPU.ActiveCfg = Release|Any CPU
		{8CF64C73-9206-4D64-A8BD-DC5574288659}.Release|Any CPU.Build.0 = Release|Any CPU
		{B9A406DB-2EDB-47E7-AD57-CDA2BC306085}.Debug|Any CPU.ActiveCfg = Debug|Any CPU
		{B9A406DB-2EDB-47E7-AD57-CDA2BC306085}.Debug|Any CPU.Build.0 = Debug|Any CPU
		{B9A406DB-2EDB-47E7-AD57-CDA2BC306085}.Release|Any CPU.ActiveCfg = Release|Any CPU
		{B9A406DB-2EDB-47E7-AD57-CDA2BC306085}.Release|Any CPU.Build.0 = Release|Any CPU
	EndGlobalSection
	GlobalSection(SolutionProperties) = preSolution
		HideSolutionNode = FALSE
	EndGlobalSection
	GlobalSection(ExtensibilityGlobals) = postSolution
		SolutionGuid = {98665346-E734-4EFF-8B1A-13CEE1011391}
	EndGlobalSection
EndGlobal
